Microsoft Visual Studio Solution File, Format Version 12.00
# Visual Studio 2012
Project("{8BC9CEB8-8B4A-11D0-8D11-00A0C91BC942}") = "SipUserAgentUnitTest", "SipUserAgentUnitTest.vcxproj", "{3B30E4EC-A975-44B0-90B1-4D636FF6F529}"
EndProject
Project("{8BC9CEB8-8B4A-11D0-8D11-00A0C91BC942}") = "platformx", "..\..\platformx\platformx.vcxproj", "{7A3F9DD2-1F92-4E40-9932-B2B5DC2FEA3F}"
EndProject
Project("{8BC9CEB8-8B4A-11D0-8D11-00A0C91BC942}") = "c4shared", "..\..\c4shared\c4shared.vcxproj", "{5B96A514-4FB7-4AB0-A128-EAD664759AFD}"
EndProject
Project("{8BC9CEB8-8B4A-11D0-8D11-00A0C91BC942}") = "dum", "..\..\SipProxy\resip\dum\dum_11_0.vcxproj", "{31B0654F-E08E-405F-909F-80F86CB14B9D}"
EndProject
Project("{8BC9CEB8-8B4A-11D0-8D11-00A0C91BC942}") = "resiprocate", "..\..\SipProxy\resip\stack\resiprocate_11_0.vcxproj", "{2A8BE839-6466-4001-B224-8F1C3168D04A}"
EndProject
Project("{8BC9CEB8-8B4A-11D0-8D11-00A0C91BC942}") = "reprolib", "..\..\SipProxy\repro\reprolib_11_0.vcxproj", "{31B0654F-E08E-405F-909F-80F86CB14B9E}"
EndProject
Project("{8BC9CEB8-8B4A-11D0-8D11-00A0C91BC942}") = "rutil", "..\..\SipProxy\rutil\rutil_11_0.vcxproj", "{3D0E5CEB-93DC-4FDB-918B-D08FA369E106}"
EndProject
Project("{8BC9CEB8-8B4A-11D0-8D11-00A0C91BC942}") = "ares", "..\..\SipProxy\contrib\ares\ares_11_0.vcxproj", "{CE7CF5E0-CAD1-49D6-95D1-143DED7B226E}"
EndProject
Global
	GlobalSection(SolutionConfigurationPlatforms) = preSolution
		Debug|Win32 = Debug|Win32
		GoogleTest|Win32 = GoogleTest|Win32
		Release|Win32 = Release|Win32
		SSL-Debug|Win32 = SSL-Debug|Win32
		SSL-Release|Win32 = SSL-Release|Win32
	EndGlobalSection
	GlobalSection(ProjectConfigurationPlatforms) = postSolution
		{3B30E4EC-A975-44B0-90B1-4D636FF6F529}.Debug|Win32.ActiveCfg = Debug|Win32
		{3B30E4EC-A975-44B0-90B1-4D636FF6F529}.Debug|Win32.Build.0 = Debug|Win32
		{3B30E4EC-A975-44B0-90B1-4D636FF6F529}.GoogleTest|Win32.ActiveCfg = Release|Win32
		{3B30E4EC-A975-44B0-90B1-4D636FF6F529}.GoogleTest|Win32.Build.0 = Release|Win32
		{3B30E4EC-A975-44B0-90B1-4D636FF6F529}.Release|Win32.ActiveCfg = Release|Win32
		{3B30E4EC-A975-44B0-90B1-4D636FF6F529}.Release|Win32.Build.0 = Release|Win32
		{3B30E4EC-A975-44B0-90B1-4D636FF6F529}.SSL-Debug|Win32.ActiveCfg = Debug|Win32
		{3B30E4EC-A975-44B0-90B1-4D636FF6F529}.SSL-Debug|Win32.Build.0 = Debug|Win32
		{3B30E4EC-A975-44B0-90B1-4D636FF6F529}.SSL-Release|Win32.ActiveCfg = Release|Win32
		{3B30E4EC-A975-44B0-90B1-4D636FF6F529}.SSL-Release|Win32.Build.0 = Release|Win32
		{7A3F9DD2-1F92-4E40-9932-B2B5DC2FEA3F}.Debug|Win32.ActiveCfg = Debug|Win32
		{7A3F9DD2-1F92-4E40-9932-B2B5DC2FEA3F}.Debug|Win32.Build.0 = Debug|Win32
		{7A3F9DD2-1F92-4E40-9932-B2B5DC2FEA3F}.GoogleTest|Win32.ActiveCfg = GoogleTest|Win32
		{7A3F9DD2-1F92-4E40-9932-B2B5DC2FEA3F}.GoogleTest|Win32.Build.0 = GoogleTest|Win32
		{7A3F9DD2-1F92-4E40-9932-B2B5DC2FEA3F}.Release|Win32.ActiveCfg = Release|Win32
		{7A3F9DD2-1F92-4E40-9932-B2B5DC2FEA3F}.Release|Win32.Build.0 = Release|Win32
		{7A3F9DD2-1F92-4E40-9932-B2B5DC2FEA3F}.SSL-Debug|Win32.ActiveCfg = Debug|Win32
		{7A3F9DD2-1F92-4E40-9932-B2B5DC2FEA3F}.SSL-Debug|Win32.Build.0 = Debug|Win32
		{7A3F9DD2-1F92-4E40-9932-B2B5DC2FEA3F}.SSL-Release|Win32.ActiveCfg = Release|Win32
		{7A3F9DD2-1F92-4E40-9932-B2B5DC2FEA3F}.SSL-Release|Win32.Build.0 = Release|Win32
		{5B96A514-4FB7-4AB0-A128-EAD664759AFD}.Debug|Win32.ActiveCfg = Debug|Win32
		{5B96A514-4FB7-4AB0-A128-EAD664759AFD}.Debug|Win32.Build.0 = Debug|Win32
		{5B96A514-4FB7-4AB0-A128-EAD664759AFD}.GoogleTest|Win32.ActiveCfg = GoogleTest|Win32
		{5B96A514-4FB7-4AB0-A128-EAD664759AFD}.GoogleTest|Win32.Build.0 = GoogleTest|Win32
		{5B96A514-4FB7-4AB0-A128-EAD664759AFD}.Release|Win32.ActiveCfg = Release|Win32
		{5B96A514-4FB7-4AB0-A128-EAD664759AFD}.Release|Win32.Build.0 = Release|Win32
		{5B96A514-4FB7-4AB0-A128-EAD664759AFD}.SSL-Debug|Win32.ActiveCfg = Debug|Win32
		{5B96A514-4FB7-4AB0-A128-EAD664759AFD}.SSL-Debug|Win32.Build.0 = Debug|Win32
		{5B96A514-4FB7-4AB0-A128-EAD664759AFD}.SSL-Release|Win32.ActiveCfg = Release|Win32
		{5B96A514-4FB7-4AB0-A128-EAD664759AFD}.SSL-Release|Win32.Build.0 = Release|Win32
		{31B0654F-E08E-405F-909F-80F86CB14B9D}.Debug|Win32.ActiveCfg = Debug|Win32
		{31B0654F-E08E-405F-909F-80F86CB14B9D}.Debug|Win32.Build.0 = Debug|Win32
		{31B0654F-E08E-405F-909F-80F86CB14B9D}.GoogleTest|Win32.ActiveCfg = SSL-Debug|Win32
		{31B0654F-E08E-405F-909F-80F86CB14B9D}.GoogleTest|Win32.Build.0 = SSL-Debug|Win32
		{31B0654F-E08E-405F-909F-80F86CB14B9D}.Release|Win32.ActiveCfg = Release|Win32
		{31B0654F-E08E-405F-909F-80F86CB14B9D}.Release|Win32.Build.0 = Release|Win32
		{31B0654F-E08E-405F-909F-80F86CB14B9D}.SSL-Debug|Win32.ActiveCfg = SSL-Debug|Win32
		{31B0654F-E08E-405F-909F-80F86CB14B9D}.SSL-Debug|Win32.Build.0 = SSL-Debug|Win32
		{31B0654F-E08E-405F-909F-80F86CB14B9D}.SSL-Release|Win32.ActiveCfg = SSL-Release|Win32
		{31B0654F-E08E-405F-909F-80F86CB14B9D}.SSL-Release|Win32.Build.0 = SSL-Release|Win32
		{2A8BE839-6466-4001-B224-8F1C3168D04A}.Debug|Win32.ActiveCfg = Debug|Win32
		{2A8BE839-6466-4001-B224-8F1C3168D04A}.Debug|Win32.Build.0 = Debug|Win32
		{2A8BE839-6466-4001-B224-8F1C3168D04A}.GoogleTest|Win32.ActiveCfg = SSL-Debug|Win32
		{2A8BE839-6466-4001-B224-8F1C3168D04A}.GoogleTest|Win32.Build.0 = SSL-Debug|Win32
		{2A8BE839-6466-4001-B224-8F1C3168D04A}.Release|Win32.ActiveCfg = Release|Win32
		{2A8BE839-6466-4001-B224-8F1C3168D04A}.Release|Win32.Build.0 = Release|Win32
		{2A8BE839-6466-4001-B224-8F1C3168D04A}.SSL-Debug|Win32.ActiveCfg = SSL-Debug|Win32
		{2A8BE839-6466-4001-B224-8F1C3168D04A}.SSL-Debug|Win32.Build.0 = SSL-Debug|Win32
		{2A8BE839-6466-4001-B224-8F1C3168D04A}.SSL-Release|Win32.ActiveCfg = SSL-Release|Win32
		{2A8BE839-6466-4001-B224-8F1C3168D04A}.SSL-Release|Win32.Build.0 = SSL-Release|Win32
		{31B0654F-E08E-405F-909F-80F86CB14B9E}.Debug|Win32.ActiveCfg = Debug|Win32
		{31B0654F-E08E-405F-909F-80F86CB14B9E}.Debug|Win32.Build.0 = Debug|Win32
		{31B0654F-E08E-405F-909F-80F86CB14B9E}.GoogleTest|Win32.ActiveCfg = SSL-Debug|Win32
		{31B0654F-E08E-405F-909F-80F86CB14B9E}.GoogleTest|Win32.Build.0 = SSL-Debug|Win32
		{31B0654F-E08E-405F-909F-80F86CB14B9E}.Release|Win32.ActiveCfg = Release|Win32
		{31B0654F-E08E-405F-909F-80F86CB14B9E}.Release|Win32.Build.0 = Release|Win32
		{31B0654F-E08E-405F-909F-80F86CB14B9E}.SSL-Debug|Win32.ActiveCfg = SSL-Debug|Win32
		{31B0654F-E08E-405F-909F-80F86CB14B9E}.SSL-Debug|Win32.Build.0 = SSL-Debug|Win32
		{31B0654F-E08E-405F-909F-80F86CB14B9E}.SSL-Release|Win32.ActiveCfg = SSL-Release|Win32
		{31B0654F-E08E-405F-909F-80F86CB14B9E}.SSL-Release|Win32.Build.0 = SSL-Release|Win32
		{3D0E5CEB-93DC-4FDB-918B-D08FA369E106}.Debug|Win32.ActiveCfg = Debug|Win32
		{3D0E5CEB-93DC-4FDB-918B-D08FA369E106}.Debug|Win32.Build.0 = Debug|Win32
		{3D0E5CEB-93DC-4FDB-918B-D08FA369E106}.GoogleTest|Win32.ActiveCfg = SSL-Debug|Win32
		{3D0E5CEB-93DC-4FDB-918B-D08FA369E106}.GoogleTest|Win32.Build.0 = SSL-Debug|Win32
		{3D0E5CEB-93DC-4FDB-918B-D08FA369E106}.Release|Win32.ActiveCfg = Release|Win32
		{3D0E5CEB-93DC-4FDB-918B-D08FA369E106}.Release|Win32.Build.0 = Release|Win32
		{3D0E5CEB-93DC-4FDB-918B-D08FA369E106}.SSL-Debug|Win32.ActiveCfg = SSL-Debug|Win32
		{3D0E5CEB-93DC-4FDB-918B-D08FA369E106}.SSL-Debug|Win32.Build.0 = SSL-Debug|Win32
		{3D0E5CEB-93DC-4FDB-918B-D08FA369E106}.SSL-Release|Win32.ActiveCfg = SSL-Release|Win32
		{3D0E5CEB-93DC-4FDB-918B-D08FA369E106}.SSL-Release|Win32.Build.0 = SSL-Release|Win32
		{CE7CF5E0-CAD1-49D6-95D1-143DED7B226E}.Debug|Win32.ActiveCfg = Debug|Win32
		{CE7CF5E0-CAD1-49D6-95D1-143DED7B226E}.Debug|Win32.Build.0 = Debug|Win32
		{CE7CF5E0-CAD1-49D6-95D1-143DED7B226E}.GoogleTest|Win32.ActiveCfg = Release|Win32
		{CE7CF5E0-CAD1-49D6-95D1-143DED7B226E}.GoogleTest|Win32.Build.0 = Release|Win32
		{CE7CF5E0-CAD1-49D6-95D1-143DED7B226E}.Release|Win32.ActiveCfg = Release|Win32
		{CE7CF5E0-CAD1-49D6-95D1-143DED7B226E}.Release|Win32.Build.0 = Release|Win32
		{CE7CF5E0-CAD1-49D6-95D1-143DED7B226E}.SSL-Debug|Win32.ActiveCfg = Debug|Win32
		{CE7CF5E0-CAD1-49D6-95D1-143DED7B226E}.SSL-Debug|Win32.Build.0 = Debug|Win32
		{CE7CF5E0-CAD1-49D6-95D1-143DED7B226E}.SSL-Release|Win32.ActiveCfg = Release|Win32
		{CE7CF5E0-CAD1-49D6-95D1-143DED7B226E}.SSL-Release|Win32.Build.0 = Release|Win32
	EndGlobalSection
	GlobalSection(SolutionProperties) = preSolution
		HideSolutionNode = FALSE
	EndGlobalSection
EndGlobal
